
Microsoft Visual Studio Solution File, Format Version 12.00
# Visual Studio Version 16
VisualStudioVersion = 16.0.29409.12
MinimumVisualStudioVersion = 10.0.40219.1
Project("{FAE04EC0-301F-11D3-BF4B-00C04F79EFBC}") = "WPFCalculatrice", "WPFCalculatrice.csproj", "{86972631-7E36-45F7-A742-BAFB1FA35502}"
EndProject
Global
	GlobalSection(SolutionConfigurationPlatforms) = preSolution
		Debug|Any CPU = Debug|Any CPU
		Release|Any CPU = Release|Any CPU
	EndGlobalSection
	GlobalSection(ProjectConfigurationPlatforms) = postSolution
		{86972631-7E36-45F7-A742-BAFB1FA35502}.Debug|Any CPU.ActiveCfg = Debug|Any CPU
		{86972631-7E36-45F7-A742-BAFB1FA35502}.Debug|Any CPU.Build.0 = Debug|Any CPU
		{86972631-7E36-45F7-A742-BAFB1FA35502}.Release|Any CPU.ActiveCfg = Release|Any CPU
		{86972631-7E36-45F7-A742-BAFB1FA35502}.Release|Any CPU.Build.0 = Release|Any CPU
	EndGlobalSection
	GlobalSection(SolutionProperties) = preSolution
		HideSolutionNode = FALSE
	EndGlobalSection
	GlobalSection(ExtensibilityGlobals) = postSolution
		SolutionGuid = {FB0377BC-BC6C-497E-ACAE-1F79632CC4D8}
	EndGlobalSection
EndGlobal
